// !$*UTF8*$!
{
	archiveVersion = 1;
	classes = {
	};
	objectVersion = 55;
	objects = {

/* Begin PBXBuildFile section */
		B42EA61F288292B1009C5901 /* HumanCorporationApp.swift in Sources */ = {isa = PBXBuildFile; fileRef = B42EA61E288292B1009C5901 /* HumanCorporationApp.swift */; };
		B42EA621288292B1009C5901 /* ContentView.swift in Sources */ = {isa = PBXBuildFile; fileRef = B42EA620288292B1009C5901 /* ContentView.swift */; };
		B42EA623288292B3009C5901 /* Assets.xcassets in Resources */ = {isa = PBXBuildFile; fileRef = B42EA622288292B3009C5901 /* Assets.xcassets */; };
		B42EA626288292B3009C5901 /* Preview Assets.xcassets in Resources */ = {isa = PBXBuildFile; fileRef = B42EA625288292B3009C5901 /* Preview Assets.xcassets */; };
		B42EA62E28829669009C5901 /* LoginView.swift in Sources */ = {isa = PBXBuildFile; fileRef = B42EA62D28829669009C5901 /* LoginView.swift */; };
		B42EA63028829A37009C5901 /* GoogleService-Info.plist in Resources */ = {isa = PBXBuildFile; fileRef = B42EA62F28829A37009C5901 /* GoogleService-Info.plist */; };
		B42EA63328829B38009C5901 /* FirebaseAnalytics in Frameworks */ = {isa = PBXBuildFile; productRef = B42EA63228829B38009C5901 /* FirebaseAnalytics */; };
		B42EA6362882AB3B009C5901 /* AuthenticationViewModel.swift in Sources */ = {isa = PBXBuildFile; fileRef = B42EA6352882AB3B009C5901 /* AuthenticationViewModel.swift */; };
		B42EA63A2882AC44009C5901 /* FirebaseAuth in Frameworks */ = {isa = PBXBuildFile; productRef = B42EA6392882AC44009C5901 /* FirebaseAuth */; };
		B4D87F2E2882B1D300A2CCAB /* GoogleSignIn in Frameworks */ = {isa = PBXBuildFile; productRef = B4D87F2D2882B1D300A2CCAB /* GoogleSignIn */; };
		B4D87F302882B1D300A2CCAB /* GoogleSignInSwift in Frameworks */ = {isa = PBXBuildFile; productRef = B4D87F2F2882B1D300A2CCAB /* GoogleSignInSwift */; };
		B4D87F322882D86800A2CCAB /* GoogleSignInButton.swift in Sources */ = {isa = PBXBuildFile; fileRef = B4D87F312882D86800A2CCAB /* GoogleSignInButton.swift */; };
		B4D87F362882E8B700A2CCAB /* HomeView.swift in Sources */ = {isa = PBXBuildFile; fileRef = B4D87F352882E8B700A2CCAB /* HomeView.swift */; };
/* End PBXBuildFile section */

/* Begin PBXFileReference section */
		B42EA61B288292B1009C5901 /* HumanCorporation.app */ = {isa = PBXFileReference; explicitFileType = wrapper.application; includeInIndex = 0; path = HumanCorporation.app; sourceTree = BUILT_PRODUCTS_DIR; };
		B42EA61E288292B1009C5901 /* HumanCorporationApp.swift */ = {isa = PBXFileReference; lastKnownFileType = sourcecode.swift; path = HumanCorporationApp.swift; sourceTree = "<group>"; };
		B42EA620288292B1009C5901 /* ContentView.swift */ = {isa = PBXFileReference; lastKnownFileType = sourcecode.swift; path = ContentView.swift; sourceTree = "<group>"; };
		B42EA622288292B3009C5901 /* Assets.xcassets */ = {isa = PBXFileReference; lastKnownFileType = folder.assetcatalog; path = Assets.xcassets; sourceTree = "<group>"; };
		B42EA625288292B3009C5901 /* Preview Assets.xcassets */ = {isa = PBXFileReference; lastKnownFileType = folder.assetcatalog; path = "Preview Assets.xcassets"; sourceTree = "<group>"; };
		B42EA62D28829669009C5901 /* LoginView.swift */ = {isa = PBXFileReference; lastKnownFileType = sourcecode.swift; path = LoginView.swift; sourceTree = "<group>"; };
		B42EA62F28829A37009C5901 /* GoogleService-Info.plist */ = {isa = PBXFileReference; fileEncoding = 4; lastKnownFileType = text.plist.xml; path = "GoogleService-Info.plist"; sourceTree = "<group>"; };
		B42EA6342882A9C6009C5901 /* Info.plist */ = {isa = PBXFileReference; lastKnownFileType = text.plist; path = Info.plist; sourceTree = "<group>"; };
		B42EA6352882AB3B009C5901 /* AuthenticationViewModel.swift */ = {isa = PBXFileReference; lastKnownFileType = sourcecode.swift; path = AuthenticationViewModel.swift; sourceTree = "<group>"; };
		B4D87F312882D86800A2CCAB /* GoogleSignInButton.swift */ = {isa = PBXFileReference; lastKnownFileType = sourcecode.swift; path = GoogleSignInButton.swift; sourceTree = "<group>"; };
		B4D87F352882E8B700A2CCAB /* HomeView.swift */ = {isa = PBXFileReference; lastKnownFileType = sourcecode.swift; path = HomeView.swift; sourceTree = "<group>"; };
/* End PBXFileReference section */

/* Begin PBXFrameworksBuildPhase section */
		B42EA618288292B1009C5901 /* Frameworks */ = {
			isa = PBXFrameworksBuildPhase;
			buildActionMask = 2147483647;
			files = (
				B42EA63328829B38009C5901 /* FirebaseAnalytics in Frameworks */,
				B42EA63A2882AC44009C5901 /* FirebaseAuth in Frameworks */,
				B4D87F2E2882B1D300A2CCAB /* GoogleSignIn in Frameworks */,
				B4D87F302882B1D300A2CCAB /* GoogleSignInSwift in Frameworks */,
			);
			runOnlyForDeploymentPostprocessing = 0;
		};
/* End PBXFrameworksBuildPhase section */

/* Begin PBXGroup section */
		B42EA612288292B1009C5901 = {
			isa = PBXGroup;
			children = (
				B42EA61D288292B1009C5901 /* HumanCorporation */,
				B42EA61C288292B1009C5901 /* Products */,
			);
			sourceTree = "<group>";
		};
		B42EA61C288292B1009C5901 /* Products */ = {
			isa = PBXGroup;
			children = (
				B42EA61B288292B1009C5901 /* HumanCorporation.app */,
			);
			name = Products;
			sourceTree = "<group>";
		};
		B42EA61D288292B1009C5901 /* HumanCorporation */ = {
			isa = PBXGroup;
			children = (
				B42EA6342882A9C6009C5901 /* Info.plist */,
				B42EA62F28829A37009C5901 /* GoogleService-Info.plist */,
				B42EA61E288292B1009C5901 /* HumanCorporationApp.swift */,
				B42EA62C2882961D009C5901 /* Views */,
				B42EA6372882AB42009C5901 /* Models */,
				B42EA622288292B3009C5901 /* Assets.xcassets */,
				B42EA624288292B3009C5901 /* Preview Content */,
			);
			path = HumanCorporation;
			sourceTree = "<group>";
		};
		B42EA624288292B3009C5901 /* Preview Content */ = {
			isa = PBXGroup;
			children = (
				B42EA625288292B3009C5901 /* Preview Assets.xcassets */,
			);
			path = "Preview Content";
			sourceTree = "<group>";
		};
		B42EA62C2882961D009C5901 /* Views */ = {
			isa = PBXGroup;
			children = (
				B42EA620288292B1009C5901 /* ContentView.swift */,
				B4D87F332882D92A00A2CCAB /* Helpers */,
				B4D87F342882E2A300A2CCAB /* Login */,
				B4D87F352882E8B700A2CCAB /* HomeView.swift */,
			);
			path = Views;
			sourceTree = "<group>";
		};
		B42EA6372882AB42009C5901 /* Models */ = {
			isa = PBXGroup;
			children = (
				B42EA6352882AB3B009C5901 /* AuthenticationViewModel.swift */,
			);
			path = Models;
			sourceTree = "<group>";
		};
		B4D87F332882D92A00A2CCAB /* Helpers */ = {
			isa = PBXGroup;
			children = (
			);
			path = Helpers;
			sourceTree = "<group>";
		};
		B4D87F342882E2A300A2CCAB /* Login */ = {
			isa = PBXGroup;
			children = (
				B42EA62D28829669009C5901 /* LoginView.swift */,
				B4D87F312882D86800A2CCAB /* GoogleSignInButton.swift */,
			);
			path = Login;
			sourceTree = "<group>";
		};
/* End PBXGroup section */

/* Begin PBXNativeTarget section */
		B42EA61A288292B1009C5901 /* HumanCorporation */ = {
			isa = PBXNativeTarget;
			buildConfigurationList = B42EA629288292B3009C5901 /* Build configuration list for PBXNativeTarget "HumanCorporation" */;
			buildPhases = (
				B42EA617288292B1009C5901 /* Sources */,
				B42EA618288292B1009C5901 /* Frameworks */,
				B42EA619288292B1009C5901 /* Resources */,
			);
			buildRules = (
			);
			dependencies = (
			);
			name = HumanCorporation;
			packageProductDependencies = (
				B42EA63228829B38009C5901 /* FirebaseAnalytics */,
				B42EA6392882AC44009C5901 /* FirebaseAuth */,
				B4D87F2D2882B1D300A2CCAB /* GoogleSignIn */,
				B4D87F2F2882B1D300A2CCAB /* GoogleSignInSwift */,
			);
			productName = HumanCorporation;
			productReference = B42EA61B288292B1009C5901 /* HumanCorporation.app */;
			productType = "com.apple.product-type.application";
		};
/* End PBXNativeTarget section */

/* Begin PBXProject section */
		B42EA613288292B1009C5901 /* Project object */ = {
			isa = PBXProject;
			attributes = {
				BuildIndependentTargetsInParallel = 1;
				LastSwiftUpdateCheck = 1340;
				LastUpgradeCheck = 1340;
				TargetAttributes = {
					B42EA61A288292B1009C5901 = {
						CreatedOnToolsVersion = 13.4.1;
					};
				};
			};
			buildConfigurationList = B42EA616288292B1009C5901 /* Build configuration list for PBXProject "HumanCorporation" */;
			compatibilityVersion = "Xcode 13.0";
			developmentRegion = en;
			hasScannedForEncodings = 0;
			knownRegions = (
				en,
				Base,
			);
			mainGroup = B42EA612288292B1009C5901;
			packageReferences = (
				B42EA63128829B38009C5901 /* XCRemoteSwiftPackageReference "firebase-ios-sdk" */,
				B42EA6382882AC44009C5901 /* XCRemoteSwiftPackageReference "firebase-ios-sdk" */,
				B4D87F2C2882B1D200A2CCAB /* XCRemoteSwiftPackageReference "GoogleSignIn-iOS" */,
			);
			productRefGroup = B42EA61C288292B1009C5901 /* Products */;
			projectDirPath = "";
			projectRoot = "";
			targets = (
				B42EA61A288292B1009C5901 /* HumanCorporation */,
			);
		};
/* End PBXProject section */

/* Begin PBXResourcesBuildPhase section */
		B42EA619288292B1009C5901 /* Resources */ = {
			isa = PBXResourcesBuildPhase;
			buildActionMask = 2147483647;
			files = (
				B42EA626288292B3009C5901 /* Preview Assets.xcassets in Resources */,
				B42EA623288292B3009C5901 /* Assets.xcassets in Resources */,
				B42EA63028829A37009C5901 /* GoogleService-Info.plist in Resources */,
			);
			runOnlyForDeploymentPostprocessing = 0;
		};
/* End PBXResourcesBuildPhase section */

/* Begin PBXSourcesBuildPhase section */
		B42EA617288292B1009C5901 /* Sources */ = {
			isa = PBXSourcesBuildPhase;
			buildActionMask = 2147483647;
			files = (
				B42EA6362882AB3B009C5901 /* AuthenticationViewModel.swift in Sources */,
				B42EA62E28829669009C5901 /* LoginView.swift in Sources */,
				B4D87F322882D86800A2CCAB /* GoogleSignInButton.swift in Sources */,
				B4D87F362882E8B700A2CCAB /* HomeView.swift in Sources */,
				B42EA621288292B1009C5901 /* ContentView.swift in Sources */,
				B42EA61F288292B1009C5901 /* HumanCorporationApp.swift in Sources */,
			);
			runOnlyForDeploymentPostprocessing = 0;
		};
/* End PBXSourcesBuildPhase section */

/* Begin XCBuildConfiguration section */
		B42EA627288292B3009C5901 /* Debug */ = {
			isa = XCBuildConfiguration;
			buildSettings = {
				ALWAYS_SEARCH_USER_PATHS = NO;
				CLANG_ANALYZER_NONNULL = YES;
				CLANG_ANALYZER_NUMBER_OBJECT_CONVERSION = YES_AGGRESSIVE;
				CLANG_CXX_LANGUAGE_STANDARD = "gnu++17";
				CLANG_ENABLE_MODULES = YES;
				CLANG_ENABLE_OBJC_ARC = YES;
				CLANG_ENABLE_OBJC_WEAK = YES;
				CLANG_WARN_BLOCK_CAPTURE_AUTORELEASING = YES;
				CLANG_WARN_BOOL_CONVERSION = YES;
				CLANG_WARN_COMMA = YES;
				CLANG_WARN_CONSTANT_CONVERSION = YES;
				CLANG_WARN_DEPRECATED_OBJC_IMPLEMENTATIONS = YES;
				CLANG_WARN_DIRECT_OBJC_ISA_USAGE = YES_ERROR;
				CLANG_WARN_DOCUMENTATION_COMMENTS = YES;
				CLANG_WARN_EMPTY_BODY = YES;
				CLANG_WARN_ENUM_CONVERSION = YES;
				CLANG_WARN_INFINITE_RECURSION = YES;
				CLANG_WARN_INT_CONVERSION = YES;
				CLANG_WARN_NON_LITERAL_NULL_CONVERSION = YES;
				CLANG_WARN_OBJC_IMPLICIT_RETAIN_SELF = YES;
				CLANG_WARN_OBJC_LITERAL_CONVERSION = YES;
				CLANG_WARN_OBJC_ROOT_CLASS = YES_ERROR;
				CLANG_WARN_QUOTED_INCLUDE_IN_FRAMEWORK_HEADER = YES;
				CLANG_WARN_RANGE_LOOP_ANALYSIS = YES;
				CLANG_WARN_STRICT_PROTOTYPES = YES;
				CLANG_WARN_SUSPICIOUS_MOVE = YES;
				CLANG_WARN_UNGUARDED_AVAILABILITY = YES_AGGRESSIVE;
				CLANG_WARN_UNREACHABLE_CODE = YES;
				CLANG_WARN__DUPLICATE_METHOD_MATCH = YES;
				COPY_PHASE_STRIP = NO;
				DEBUG_INFORMATION_FORMAT = dwarf;
				ENABLE_STRICT_OBJC_MSGSEND = YES;
				ENABLE_TESTABILITY = YES;
				GCC_C_LANGUAGE_STANDARD = gnu11;
				GCC_DYNAMIC_NO_PIC = NO;
				GCC_NO_COMMON_BLOCKS = YES;
				GCC_OPTIMIZATION_LEVEL = 0;
				GCC_PREPROCESSOR_DEFINITIONS = (
					"DEBUG=1",
					"$(inherited)",
				);
				GCC_WARN_64_TO_32_BIT_CONVERSION = YES;
				GCC_WARN_ABOUT_RETURN_TYPE = YES_ERROR;
				GCC_WARN_UNDECLARED_SELECTOR = YES;
				GCC_WARN_UNINITIALIZED_AUTOS = YES_AGGRESSIVE;
				GCC_WARN_UNUSED_FUNCTION = YES;
				GCC_WARN_UNUSED_VARIABLE = YES;
				IPHONEOS_DEPLOYMENT_TARGET = 15.5;
				MTL_ENABLE_DEBUG_INFO = INCLUDE_SOURCE;
				MTL_FAST_MATH = YES;
				ONLY_ACTIVE_ARCH = YES;
				SDKROOT = iphoneos;
				SWIFT_ACTIVE_COMPILATION_CONDITIONS = DEBUG;
				SWIFT_OPTIMIZATION_LEVEL = "-Onone";
			};
			name = Debug;
		};
		B42EA628288292B3009C5901 /* Release */ = {
			isa = XCBuildConfiguration;
			buildSettings = {
				ALWAYS_SEARCH_USER_PATHS = NO;
				CLANG_ANALYZER_NONNULL = YES;
				CLANG_ANALYZER_NUMBER_OBJECT_CONVERSION = YES_AGGRESSIVE;
				CLANG_CXX_LANGUAGE_STANDARD = "gnu++17";
				CLANG_ENABLE_MODULES = YES;
				CLANG_ENABLE_OBJC_ARC = YES;
				CLANG_ENABLE_OBJC_WEAK = YES;
				CLANG_WARN_BLOCK_CAPTURE_AUTORELEASING = YES;
				CLANG_WARN_BOOL_CONVERSION = YES;
				CLANG_WARN_COMMA = YES;
				CLANG_WARN_CONSTANT_CONVERSION = YES;
				CLANG_WARN_DEPRECATED_OBJC_IMPLEMENTATIONS = YES;
				CLANG_WARN_DIRECT_OBJC_ISA_USAGE = YES_ERROR;
				CLANG_WARN_DOCUMENTATION_COMMENTS = YES;
				CLANG_WARN_EMPTY_BODY = YES;
				CLANG_WARN_ENUM_CONVERSION = YES;
				CLANG_WARN_INFINITE_RECURSION = YES;
				CLANG_WARN_INT_CONVERSION = YES;
				CLANG_WARN_NON_LITERAL_NULL_CONVERSION = YES;
				CLANG_WARN_OBJC_IMPLICIT_RETAIN_SELF = YES;
				CLANG_WARN_OBJC_LITERAL_CONVERSION = YES;
				CLANG_WARN_OBJC_ROOT_CLASS = YES_ERROR;
				CLANG_WARN_QUOTED_INCLUDE_IN_FRAMEWORK_HEADER = YES;
				CLANG_WARN_RANGE_LOOP_ANALYSIS = YES;
				CLANG_WARN_STRICT_PROTOTYPES = YES;
				CLANG_WARN_SUSPICIOUS_MOVE = YES;
				CLANG_WARN_UNGUARDED_AVAILABILITY = YES_AGGRESSIVE;
				CLANG_WARN_UNREACHABLE_CODE = YES;
				CLANG_WARN__DUPLICATE_METHOD_MATCH = YES;
				COPY_PHASE_STRIP = NO;
				DEBUG_INFORMATION_FORMAT = "dwarf-with-dsym";
				ENABLE_NS_ASSERTIONS = NO;
				ENABLE_STRICT_OBJC_MSGSEND = YES;
				GCC_C_LANGUAGE_STANDARD = gnu11;
				GCC_NO_COMMON_BLOCKS = YES;
				GCC_WARN_64_TO_32_BIT_CONVERSION = YES;
				GCC_WARN_ABOUT_RETURN_TYPE = YES_ERROR;
				GCC_WARN_UNDECLARED_SELECTOR = YES;
				GCC_WARN_UNINITIALIZED_AUTOS = YES_AGGRESSIVE;
				GCC_WARN_UNUSED_FUNCTION = YES;
				GCC_WARN_UNUSED_VARIABLE = YES;
				IPHONEOS_DEPLOYMENT_TARGET = 15.5;
				MTL_ENABLE_DEBUG_INFO = NO;
				MTL_FAST_MATH = YES;
				SDKROOT = iphoneos;
				SWIFT_COMPILATION_MODE = wholemodule;
				SWIFT_OPTIMIZATION_LEVEL = "-O";
				VALIDATE_PRODUCT = YES;
			};
			name = Release;
		};
		B42EA62A288292B3009C5901 /* Debug */ = {
			isa = XCBuildConfiguration;
			buildSettings = {
				ASSETCATALOG_COMPILER_APPICON_NAME = AppIcon;
				ASSETCATALOG_COMPILER_GLOBAL_ACCENT_COLOR_NAME = AccentColor;
				CODE_SIGN_STYLE = Automatic;
				CURRENT_PROJECT_VERSION = 1;
				DEVELOPMENT_ASSET_PATHS = "\"HumanCorporation/Preview Content\"";
				DEVELOPMENT_TEAM = SAQDM96LSM;
				ENABLE_PREVIEWS = YES;
				GENERATE_INFOPLIST_FILE = YES;
				INFOPLIST_FILE = HumanCorporation/Info.plist;
				INFOPLIST_KEY_UIApplicationSceneManifest_Generation = YES;
				INFOPLIST_KEY_UIApplicationSupportsIndirectInputEvents = YES;
				INFOPLIST_KEY_UILaunchScreen_Generation = YES;
				INFOPLIST_KEY_UISupportedInterfaceOrientations_iPad = "UIInterfaceOrientationPortrait UIInterfaceOrientationPortraitUpsideDown UIInterfaceOrientationLandscapeLeft UIInterfaceOrientationLandscapeRight";
				INFOPLIST_KEY_UISupportedInterfaceOrientations_iPhone = "UIInterfaceOrientationPortrait UIInterfaceOrientationLandscapeLeft UIInterfaceOrientationLandscapeRight";
				LD_RUNPATH_SEARCH_PATHS = (
					"$(inherited)",
					"@executable_path/Frameworks",
				);
				MARKETING_VERSION = 1.0;
				PRODUCT_BUNDLE_IDENTIFIER = com.eriel.HumanCorporation;
				PRODUCT_NAME = "$(TARGET_NAME)";
				SWIFT_EMIT_LOC_STRINGS = YES;
				SWIFT_VERSION = 5.0;
				TARGETED_DEVICE_FAMILY = "1,2";
			};
			name = Debug;
		};
		B42EA62B288292B3009C5901 /* Release */ = {
			isa = XCBuildConfiguration;
			buildSettings = {
				ASSETCATALOG_COMPILER_APPICON_NAME = AppIcon;
				ASSETCATALOG_COMPILER_GLOBAL_ACCENT_COLOR_NAME = AccentColor;
				CODE_SIGN_STYLE = Automatic;
				CURRENT_PROJECT_VERSION = 1;
				DEVELOPMENT_ASSET_PATHS = "\"HumanCorporation/Preview Content\"";
				DEVELOPMENT_TEAM = SAQDM96LSM;
				ENABLE_PREVIEWS = YES;
				GENERATE_INFOPLIST_FILE = YES;
				INFOPLIST_FILE = HumanCorporation/Info.plist;
				INFOPLIST_KEY_UIApplicationSceneManifest_Generation = YES;
				INFOPLIST_KEY_UIApplicationSupportsIndirectInputEvents = YES;
				INFOPLIST_KEY_UILaunchScreen_Generation = YES;
				INFOPLIST_KEY_UISupportedInterfaceOrientations_iPad = "UIInterfaceOrientationPortrait UIInterfaceOrientationPortraitUpsideDown UIInterfaceOrientationLandscapeLeft UIInterfaceOrientationLandscapeRight";
				INFOPLIST_KEY_UISupportedInterfaceOrientations_iPhone = "UIInterfaceOrientationPortrait UIInterfaceOrientationLandscapeLeft UIInterfaceOrientationLandscapeRight";
				LD_RUNPATH_SEARCH_PATHS = (
					"$(inherited)",
					"@executable_path/Frameworks",
				);
				MARKETING_VERSION = 1.0;
				PRODUCT_BUNDLE_IDENTIFIER = com.eriel.HumanCorporation;
				PRODUCT_NAME = "$(TARGET_NAME)";
				SWIFT_EMIT_LOC_STRINGS = YES;
				SWIFT_VERSION = 5.0;
				TARGETED_DEVICE_FAMILY = "1,2";
			};
			name = Release;
		};
/* End XCBuildConfiguration section */

/* Begin XCConfigurationList section */
		B42EA616288292B1009C5901 /* Build configuration list for PBXProject "HumanCorporation" */ = {
			isa = XCConfigurationList;
			buildConfigurations = (
				B42EA627288292B3009C5901 /* Debug */,
				B42EA628288292B3009C5901 /* Release */,
			);
			defaultConfigurationIsVisible = 0;
			defaultConfigurationName = Release;
		};
		B42EA629288292B3009C5901 /* Build configuration list for PBXNativeTarget "HumanCorporation" */ = {
			isa = XCConfigurationList;
			buildConfigurations = (
				B42EA62A288292B3009C5901 /* Debug */,
				B42EA62B288292B3009C5901 /* Release */,
			);
			defaultConfigurationIsVisible = 0;
			defaultConfigurationName = Release;
		};
/* End XCConfigurationList section */

/* Begin XCRemoteSwiftPackageReference section */
		B42EA63128829B38009C5901 /* XCRemoteSwiftPackageReference "firebase-ios-sdk" */ = {
			isa = XCRemoteSwiftPackageReference;
			repositoryURL = "https://github.com/firebase/firebase-ios-sdk";
			requirement = {
				kind = upToNextMajorVersion;
				minimumVersion = 9.0.0;
			};
		};
		B42EA6382882AC44009C5901 /* XCRemoteSwiftPackageReference "firebase-ios-sdk" */ = {
			isa = XCRemoteSwiftPackageReference;
			repositoryURL = "https://github.com/firebase/firebase-ios-sdk";
			requirement = {
				branch = master;
				kind = branch;
			};
		};
		B4D87F2C2882B1D200A2CCAB /* XCRemoteSwiftPackageReference "GoogleSignIn-iOS" */ = {
			isa = XCRemoteSwiftPackageReference;
			repositoryURL = "https://github.com/google/GoogleSignIn-iOS";
			requirement = {
				kind = upToNextMajorVersion;
				minimumVersion = 6.0.0;
			};
		};
/* End XCRemoteSwiftPackageReference section */

/* Begin XCSwiftPackageProductDependency section */
		B42EA63228829B38009C5901 /* FirebaseAnalytics */ = {
			isa = XCSwiftPackageProductDependency;
			package = B42EA63128829B38009C5901 /* XCRemoteSwiftPackageReference "firebase-ios-sdk" */;
			productName = FirebaseAnalytics;
		};
		B42EA6392882AC44009C5901 /* FirebaseAuth */ = {
			isa = XCSwiftPackageProductDependency;
			package = B42EA6382882AC44009C5901 /* XCRemoteSwiftPackageReference "firebase-ios-sdk" */;
			productName = FirebaseAuth;
		};
		B4D87F2D2882B1D300A2CCAB /* GoogleSignIn */ = {
			isa = XCSwiftPackageProductDependency;
			package = B4D87F2C2882B1D200A2CCAB /* XCRemoteSwiftPackageReference "GoogleSignIn-iOS" */;
			productName = GoogleSignIn;
		};
		B4D87F2F2882B1D300A2CCAB /* GoogleSignInSwift */ = {
			isa = XCSwiftPackageProductDependency;
			package = B4D87F2C2882B1D200A2CCAB /* XCRemoteSwiftPackageReference "GoogleSignIn-iOS" */;
			productName = GoogleSignInSwift;
		};
/* End XCSwiftPackageProductDependency section */
	};
	rootObject = B42EA613288292B1009C5901 /* Project object */;
}
